// !$*UTF8*$!
{
	archiveVersion = 1;
	classes = {
	};
	objectVersion = 55;
	objects = {

/* Begin PBXBuildFile section */
		0484BF6928FF1238002406DE /* AppDelegate.swift in Sources */ = {isa = PBXBuildFile; fileRef = 0484BF6828FF1238002406DE /* AppDelegate.swift */; };
		0484BF6B28FF1238002406DE /* SceneDelegate.swift in Sources */ = {isa = PBXBuildFile; fileRef = 0484BF6A28FF1238002406DE /* SceneDelegate.swift */; };
		0484BF7228FF123A002406DE /* Assets.xcassets in Resources */ = {isa = PBXBuildFile; fileRef = 0484BF7128FF123A002406DE /* Assets.xcassets */; };
		0484BF7528FF123A002406DE /* LaunchScreen.storyboard in Resources */ = {isa = PBXBuildFile; fileRef = 0484BF7328FF123A002406DE /* LaunchScreen.storyboard */; };
		0484BF7D28FF12E5002406DE /* FavoritesViewController.swift in Sources */ = {isa = PBXBuildFile; fileRef = 0484BF7C28FF12E5002406DE /* FavoritesViewController.swift */; };
		0484BF7F28FF1300002406DE /* SearchViewController.swift in Sources */ = {isa = PBXBuildFile; fileRef = 0484BF7E28FF1300002406DE /* SearchViewController.swift */; };
		0484BF8128FF1D0A002406DE /* GFUIButton.swift in Sources */ = {isa = PBXBuildFile; fileRef = 0484BF8028FF1D0A002406DE /* GFUIButton.swift */; };
		0484BF8328FF1F47002406DE /* GFUITextField.swift in Sources */ = {isa = PBXBuildFile; fileRef = 0484BF8228FF1F47002406DE /* GFUITextField.swift */; };
		0484BF8528FF9C80002406DE /* FollowerListViewController.swift in Sources */ = {isa = PBXBuildFile; fileRef = 0484BF8428FF9C80002406DE /* FollowerListViewController.swift */; };
		0484BF8728FFA26D002406DE /* GFTitleLabel.swift in Sources */ = {isa = PBXBuildFile; fileRef = 0484BF8628FFA26D002406DE /* GFTitleLabel.swift */; };
		0484BF8928FFA39E002406DE /* GFBodyLabel.swift in Sources */ = {isa = PBXBuildFile; fileRef = 0484BF8828FFA39E002406DE /* GFBodyLabel.swift */; };
		0484BF8B28FFA43C002406DE /* GFAlertViewController.swift in Sources */ = {isa = PBXBuildFile; fileRef = 0484BF8A28FFA43C002406DE /* GFAlertViewController.swift */; };
		0484BF8D28FFC9AF002406DE /* UIViewController+Ext.swift in Sources */ = {isa = PBXBuildFile; fileRef = 0484BF8C28FFC9AF002406DE /* UIViewController+Ext.swift */; };
		0484BF9529000814002406DE /* Follower.swift in Sources */ = {isa = PBXBuildFile; fileRef = 0484BF9429000814002406DE /* Follower.swift */; };
		0484BF9729003CFF002406DE /* User.swift in Sources */ = {isa = PBXBuildFile; fileRef = 0484BF9629003CFF002406DE /* User.swift */; };
		0484BF9A29006005002406DE /* NetworkManagar.swift in Sources */ = {isa = PBXBuildFile; fileRef = 0484BF9929006005002406DE /* NetworkManagar.swift */; };
		0484BF9D290072B0002406DE /* ErrorMessage.swift in Sources */ = {isa = PBXBuildFile; fileRef = 0484BF9C290072B0002406DE /* ErrorMessage.swift */; };
		0484BF9F29007BA8002406DE /* GFUIImageView.swift in Sources */ = {isa = PBXBuildFile; fileRef = 0484BF9E29007BA8002406DE /* GFUIImageView.swift */; };
		0484BFA229007BC4002406DE /* FollowersCell.swift in Sources */ = {isa = PBXBuildFile; fileRef = 0484BFA129007BC4002406DE /* FollowersCell.swift */; };
		04966E912901BD6A0063A2CA /* UIHelper.swift in Sources */ = {isa = PBXBuildFile; fileRef = 04966E902901BD6A0063A2CA /* UIHelper.swift */; };
		04966E9B290207500063A2CA /* EmptyStateView.swift in Sources */ = {isa = PBXBuildFile; fileRef = 04966E9A290207500063A2CA /* EmptyStateView.swift */; };
		04966E9D290232AD0063A2CA /* UserInfoViewController.swift in Sources */ = {isa = PBXBuildFile; fileRef = 04966E9C290232AD0063A2CA /* UserInfoViewController.swift */; };
		04966EEC2902CDB60063A2CA /* GFSecondaryLabel.swift in Sources */ = {isa = PBXBuildFile; fileRef = 04966EEB2902CDB60063A2CA /* GFSecondaryLabel.swift */; };
		04966EEE2902CEB80063A2CA /* GFUserInfoHeaderViewController.swift in Sources */ = {isa = PBXBuildFile; fileRef = 04966EED2902CEB80063A2CA /* GFUserInfoHeaderViewController.swift */; };
		04966EF029035B070063A2CA /* GFParentItemViewController.swift in Sources */ = {isa = PBXBuildFile; fileRef = 04966EEF29035B070063A2CA /* GFParentItemViewController.swift */; };
		04966EF229035DD50063A2CA /* GFItemInfoView.swift in Sources */ = {isa = PBXBuildFile; fileRef = 04966EF129035DD50063A2CA /* GFItemInfoView.swift */; };
		04966EF4290363700063A2CA /* Constants.swift in Sources */ = {isa = PBXBuildFile; fileRef = 04966EF3290363700063A2CA /* Constants.swift */; };
		04966EF629036BFF0063A2CA /* GFRepoAndGistItemVC.swift in Sources */ = {isa = PBXBuildFile; fileRef = 04966EF529036BFF0063A2CA /* GFRepoAndGistItemVC.swift */; };
		04966EF829036EE00063A2CA /* GFFollowersAndFollowingItemInfoVC.swift in Sources */ = {isa = PBXBuildFile; fileRef = 04966EF729036EE00063A2CA /* GFFollowersAndFollowingItemInfoVC.swift */; };
/* End PBXBuildFile section */

/* Begin PBXFileReference section */
		0484BF6528FF1238002406DE /* GitHubFollowers.app */ = {isa = PBXFileReference; explicitFileType = wrapper.application; includeInIndex = 0; path = GitHubFollowers.app; sourceTree = BUILT_PRODUCTS_DIR; };
		0484BF6828FF1238002406DE /* AppDelegate.swift */ = {isa = PBXFileReference; lastKnownFileType = sourcecode.swift; path = AppDelegate.swift; sourceTree = "<group>"; };
		0484BF6A28FF1238002406DE /* SceneDelegate.swift */ = {isa = PBXFileReference; lastKnownFileType = sourcecode.swift; path = SceneDelegate.swift; sourceTree = "<group>"; };
		0484BF7128FF123A002406DE /* Assets.xcassets */ = {isa = PBXFileReference; lastKnownFileType = folder.assetcatalog; path = Assets.xcassets; sourceTree = "<group>"; };
		0484BF7428FF123A002406DE /* Base */ = {isa = PBXFileReference; lastKnownFileType = file.storyboard; name = Base; path = Base.lproj/LaunchScreen.storyboard; sourceTree = "<group>"; };
		0484BF7628FF123A002406DE /* Info.plist */ = {isa = PBXFileReference; lastKnownFileType = text.plist.xml; path = Info.plist; sourceTree = "<group>"; };
		0484BF7C28FF12E5002406DE /* FavoritesViewController.swift */ = {isa = PBXFileReference; lastKnownFileType = sourcecode.swift; path = FavoritesViewController.swift; sourceTree = "<group>"; };
		0484BF7E28FF1300002406DE /* SearchViewController.swift */ = {isa = PBXFileReference; lastKnownFileType = sourcecode.swift; path = SearchViewController.swift; sourceTree = "<group>"; };
		0484BF8028FF1D0A002406DE /* GFUIButton.swift */ = {isa = PBXFileReference; lastKnownFileType = sourcecode.swift; path = GFUIButton.swift; sourceTree = "<group>"; };
		0484BF8228FF1F47002406DE /* GFUITextField.swift */ = {isa = PBXFileReference; lastKnownFileType = sourcecode.swift; path = GFUITextField.swift; sourceTree = "<group>"; };
		0484BF8428FF9C80002406DE /* FollowerListViewController.swift */ = {isa = PBXFileReference; lastKnownFileType = sourcecode.swift; path = FollowerListViewController.swift; sourceTree = "<group>"; };
		0484BF8628FFA26D002406DE /* GFTitleLabel.swift */ = {isa = PBXFileReference; lastKnownFileType = sourcecode.swift; path = GFTitleLabel.swift; sourceTree = "<group>"; };
		0484BF8828FFA39E002406DE /* GFBodyLabel.swift */ = {isa = PBXFileReference; lastKnownFileType = sourcecode.swift; path = GFBodyLabel.swift; sourceTree = "<group>"; };
		0484BF8A28FFA43C002406DE /* GFAlertViewController.swift */ = {isa = PBXFileReference; lastKnownFileType = sourcecode.swift; path = GFAlertViewController.swift; sourceTree = "<group>"; };
		0484BF8C28FFC9AF002406DE /* UIViewController+Ext.swift */ = {isa = PBXFileReference; lastKnownFileType = sourcecode.swift; path = "UIViewController+Ext.swift"; sourceTree = "<group>"; };
		0484BF9429000814002406DE /* Follower.swift */ = {isa = PBXFileReference; lastKnownFileType = sourcecode.swift; path = Follower.swift; sourceTree = "<group>"; };
		0484BF9629003CFF002406DE /* User.swift */ = {isa = PBXFileReference; lastKnownFileType = sourcecode.swift; path = User.swift; sourceTree = "<group>"; };
		0484BF9929006005002406DE /* NetworkManagar.swift */ = {isa = PBXFileReference; lastKnownFileType = sourcecode.swift; path = NetworkManagar.swift; sourceTree = "<group>"; };
		0484BF9C290072B0002406DE /* ErrorMessage.swift */ = {isa = PBXFileReference; lastKnownFileType = sourcecode.swift; path = ErrorMessage.swift; sourceTree = "<group>"; };
		0484BF9E29007BA8002406DE /* GFUIImageView.swift */ = {isa = PBXFileReference; lastKnownFileType = sourcecode.swift; path = GFUIImageView.swift; sourceTree = "<group>"; };
		0484BFA129007BC4002406DE /* FollowersCell.swift */ = {isa = PBXFileReference; lastKnownFileType = sourcecode.swift; path = FollowersCell.swift; sourceTree = "<group>"; };
		04966E902901BD6A0063A2CA /* UIHelper.swift */ = {isa = PBXFileReference; lastKnownFileType = sourcecode.swift; path = UIHelper.swift; sourceTree = "<group>"; };
		04966E9A290207500063A2CA /* EmptyStateView.swift */ = {isa = PBXFileReference; lastKnownFileType = sourcecode.swift; path = EmptyStateView.swift; sourceTree = "<group>"; };
		04966E9C290232AD0063A2CA /* UserInfoViewController.swift */ = {isa = PBXFileReference; lastKnownFileType = sourcecode.swift; path = UserInfoViewController.swift; sourceTree = "<group>"; };
		04966EEB2902CDB60063A2CA /* GFSecondaryLabel.swift */ = {isa = PBXFileReference; lastKnownFileType = sourcecode.swift; path = GFSecondaryLabel.swift; sourceTree = "<group>"; };
		04966EED2902CEB80063A2CA /* GFUserInfoHeaderViewController.swift */ = {isa = PBXFileReference; lastKnownFileType = sourcecode.swift; path = GFUserInfoHeaderViewController.swift; sourceTree = "<group>"; };
		04966EEF29035B070063A2CA /* GFParentItemViewController.swift */ = {isa = PBXFileReference; lastKnownFileType = sourcecode.swift; path = GFParentItemViewController.swift; sourceTree = "<group>"; };
		04966EF129035DD50063A2CA /* GFItemInfoView.swift */ = {isa = PBXFileReference; lastKnownFileType = sourcecode.swift; path = GFItemInfoView.swift; sourceTree = "<group>"; };
		04966EF3290363700063A2CA /* Constants.swift */ = {isa = PBXFileReference; lastKnownFileType = sourcecode.swift; path = Constants.swift; sourceTree = "<group>"; };
		04966EF529036BFF0063A2CA /* GFRepoAndGistItemVC.swift */ = {isa = PBXFileReference; lastKnownFileType = sourcecode.swift; path = GFRepoAndGistItemVC.swift; sourceTree = "<group>"; };
		04966EF729036EE00063A2CA /* GFFollowersAndFollowingItemInfoVC.swift */ = {isa = PBXFileReference; lastKnownFileType = sourcecode.swift; path = GFFollowersAndFollowingItemInfoVC.swift; sourceTree = "<group>"; };
/* End PBXFileReference section */

/* Begin PBXFrameworksBuildPhase section */
		0484BF6228FF1238002406DE /* Frameworks */ = {
			isa = PBXFrameworksBuildPhase;
			buildActionMask = 2147483647;
			files = (
			);
			runOnlyForDeploymentPostprocessing = 0;
		};
/* End PBXFrameworksBuildPhase section */

/* Begin PBXGroup section */
		0484BF5C28FF1238002406DE = {
			isa = PBXGroup;
			children = (
				0484BF6728FF1238002406DE /* GitHubFollowers */,
				0484BF6628FF1238002406DE /* Products */,
			);
			sourceTree = "<group>";
		};
		0484BF6628FF1238002406DE /* Products */ = {
			isa = PBXGroup;
			children = (
				0484BF6528FF1238002406DE /* GitHubFollowers.app */,
			);
			name = Products;
			sourceTree = "<group>";
		};
		0484BF6728FF1238002406DE /* GitHubFollowers */ = {
			isa = PBXGroup;
			children = (
				0484BF9B29006C35002406DE /* Utilities */,
				0484BF9829005FE9002406DE /* Manages */,
				0484BF8F29000641002406DE /* Models */,
				0484BF9029000659002406DE /* Views */,
				0484BF9129000666002406DE /* Controllers */,
				0484BF92290006C0002406DE /* Extensions */,
				0484BF93290006EB002406DE /* Support files */,
				0484BF7628FF123A002406DE /* Info.plist */,
			);
			path = GitHubFollowers;
			sourceTree = "<group>";
		};
		0484BF8F29000641002406DE /* Models */ = {
			isa = PBXGroup;
			children = (
				0484BF9429000814002406DE /* Follower.swift */,
				0484BF9629003CFF002406DE /* User.swift */,
			);
			path = Models;
			sourceTree = "<group>";
		};
		0484BF9029000659002406DE /* Views */ = {
			isa = PBXGroup;
			children = (
				04966E99290202C10063A2CA /* CustomViews */,
				04966E982902027C0063A2CA /* TextFields */,
				04966E97290202670063A2CA /* ImageViews */,
				04966E95290202240063A2CA /* Labels */,
				04966E94290202060063A2CA /* Buttons */,
				0484BFA029007BAD002406DE /* cells */,
			);
			path = Views;
			sourceTree = "<group>";
		};
		0484BF9129000666002406DE /* Controllers */ = {
			isa = PBXGroup;
			children = (
				0484BF8428FF9C80002406DE /* FollowerListViewController.swift */,
				0484BF7E28FF1300002406DE /* SearchViewController.swift */,
				0484BF7C28FF12E5002406DE /* FavoritesViewController.swift */,
				04966E9C290232AD0063A2CA /* UserInfoViewController.swift */,
			);
			path = Controllers;
			sourceTree = "<group>";
		};
		0484BF92290006C0002406DE /* Extensions */ = {
			isa = PBXGroup;
			children = (
				0484BF8C28FFC9AF002406DE /* UIViewController+Ext.swift */,
			);
			path = Extensions;
			sourceTree = "<group>";
		};
		0484BF93290006EB002406DE /* Support files */ = {
			isa = PBXGroup;
			children = (
				0484BF7328FF123A002406DE /* LaunchScreen.storyboard */,
				0484BF7128FF123A002406DE /* Assets.xcassets */,
				0484BF6A28FF1238002406DE /* SceneDelegate.swift */,
				0484BF6828FF1238002406DE /* AppDelegate.swift */,
			);
			path = "Support files";
			sourceTree = "<group>";
		};
		0484BF9829005FE9002406DE /* Manages */ = {
			isa = PBXGroup;
			children = (
				0484BF9929006005002406DE /* NetworkManagar.swift */,
			);
			path = Manages;
			sourceTree = "<group>";
		};
		0484BF9B29006C35002406DE /* Utilities */ = {
			isa = PBXGroup;
			children = (
				0484BF9C290072B0002406DE /* ErrorMessage.swift */,
				04966E902901BD6A0063A2CA /* UIHelper.swift */,
				04966EF3290363700063A2CA /* Constants.swift */,
			);
			path = Utilities;
			sourceTree = "<group>";
		};
		0484BFA029007BAD002406DE /* cells */ = {
			isa = PBXGroup;
			children = (
				0484BFA129007BC4002406DE /* FollowersCell.swift */,
			);
			path = cells;
			sourceTree = "<group>";
		};
		04966E94290202060063A2CA /* Buttons */ = {
			isa = PBXGroup;
			children = (
				0484BF8028FF1D0A002406DE /* GFUIButton.swift */,
			);
			path = Buttons;
			sourceTree = "<group>";
		};
		04966E95290202240063A2CA /* Labels */ = {
			isa = PBXGroup;
			children = (
				0484BF8828FFA39E002406DE /* GFBodyLabel.swift */,
				0484BF8628FFA26D002406DE /* GFTitleLabel.swift */,
				04966EEB2902CDB60063A2CA /* GFSecondaryLabel.swift */,
			);
			path = Labels;
			sourceTree = "<group>";
		};
		04966E97290202670063A2CA /* ImageViews */ = {
			isa = PBXGroup;
			children = (
				0484BF9E29007BA8002406DE /* GFUIImageView.swift */,
			);
			path = ImageViews;
			sourceTree = "<group>";
		};
		04966E982902027C0063A2CA /* TextFields */ = {
			isa = PBXGroup;
			children = (
				0484BF8228FF1F47002406DE /* GFUITextField.swift */,
			);
			path = TextFields;
			sourceTree = "<group>";
		};
		04966E99290202C10063A2CA /* CustomViews */ = {
			isa = PBXGroup;
			children = (
				04966EF9290386EE0063A2CA /* userInfo */,
				04966E9A290207500063A2CA /* EmptyStateView.swift */,
				0484BF8A28FFA43C002406DE /* GFAlertViewController.swift */,
				04966EED2902CEB80063A2CA /* GFUserInfoHeaderViewController.swift */,
				04966EF129035DD50063A2CA /* GFItemInfoView.swift */,
			);
			path = CustomViews;
			sourceTree = "<group>";
		};
		04966EF9290386EE0063A2CA /* userInfo */ = {
			isa = PBXGroup;
			children = (
				04966EEF29035B070063A2CA /* GFParentItemViewController.swift */,
				04966EF529036BFF0063A2CA /* GFRepoAndGistItemVC.swift */,
				04966EF729036EE00063A2CA /* GFFollowersAndFollowingItemInfoVC.swift */,
			);
			path = userInfo;
			sourceTree = "<group>";
		};
/* End PBXGroup section */

/* Begin PBXNativeTarget section */
		0484BF6428FF1238002406DE /* GitHubFollowers */ = {
			isa = PBXNativeTarget;
			buildConfigurationList = 0484BF7928FF123A002406DE /* Build configuration list for PBXNativeTarget "GitHubFollowers" */;
			buildPhases = (
				0484BF6128FF1238002406DE /* Sources */,
				0484BF6228FF1238002406DE /* Frameworks */,
				0484BF6328FF1238002406DE /* Resources */,
			);
			buildRules = (
			);
			dependencies = (
			);
			name = GitHubFollowers;
			productName = GitHubFollowers;
			productReference = 0484BF6528FF1238002406DE /* GitHubFollowers.app */;
			productType = "com.apple.product-type.application";
		};
/* End PBXNativeTarget section */

/* Begin PBXProject section */
		0484BF5D28FF1238002406DE /* Project object */ = {
			isa = PBXProject;
			attributes = {
				BuildIndependentTargetsInParallel = 1;
				LastSwiftUpdateCheck = 1340;
				LastUpgradeCheck = 1340;
				TargetAttributes = {
					0484BF6428FF1238002406DE = {
						CreatedOnToolsVersion = 13.4.1;
					};
				};
			};
			buildConfigurationList = 0484BF6028FF1238002406DE /* Build configuration list for PBXProject "GitHubFollowers" */;
			compatibilityVersion = "Xcode 13.0";
			developmentRegion = en;
			hasScannedForEncodings = 0;
			knownRegions = (
				en,
				Base,
			);
			mainGroup = 0484BF5C28FF1238002406DE;
			productRefGroup = 0484BF6628FF1238002406DE /* Products */;
			projectDirPath = "";
			projectRoot = "";
			targets = (
				0484BF6428FF1238002406DE /* GitHubFollowers */,
			);
		};
/* End PBXProject section */

/* Begin PBXResourcesBuildPhase section */
		0484BF6328FF1238002406DE /* Resources */ = {
			isa = PBXResourcesBuildPhase;
			buildActionMask = 2147483647;
			files = (
				0484BF7528FF123A002406DE /* LaunchScreen.storyboard in Resources */,
				0484BF7228FF123A002406DE /* Assets.xcassets in Resources */,
			);
			runOnlyForDeploymentPostprocessing = 0;
		};
/* End PBXResourcesBuildPhase section */

/* Begin PBXSourcesBuildPhase section */
		0484BF6128FF1238002406DE /* Sources */ = {
			isa = PBXSourcesBuildPhase;
			buildActionMask = 2147483647;
			files = (
				04966EF4290363700063A2CA /* Constants.swift in Sources */,
				04966EF829036EE00063A2CA /* GFFollowersAndFollowingItemInfoVC.swift in Sources */,
				04966EF629036BFF0063A2CA /* GFRepoAndGistItemVC.swift in Sources */,
				04966EF029035B070063A2CA /* GFParentItemViewController.swift in Sources */,
				0484BF8B28FFA43C002406DE /* GFAlertViewController.swift in Sources */,
				0484BF8328FF1F47002406DE /* GFUITextField.swift in Sources */,
				04966E9B290207500063A2CA /* EmptyStateView.swift in Sources */,
				0484BFA229007BC4002406DE /* FollowersCell.swift in Sources */,
				0484BF9A29006005002406DE /* NetworkManagar.swift in Sources */,
				0484BF7F28FF1300002406DE /* SearchViewController.swift in Sources */,
				04966E912901BD6A0063A2CA /* UIHelper.swift in Sources */,
				0484BF9529000814002406DE /* Follower.swift in Sources */,
				0484BF8D28FFC9AF002406DE /* UIViewController+Ext.swift in Sources */,
				04966EF229035DD50063A2CA /* GFItemInfoView.swift in Sources */,
				0484BF7D28FF12E5002406DE /* FavoritesViewController.swift in Sources */,
				0484BF9D290072B0002406DE /* ErrorMessage.swift in Sources */,
				0484BF8528FF9C80002406DE /* FollowerListViewController.swift in Sources */,
				0484BF8928FFA39E002406DE /* GFBodyLabel.swift in Sources */,
				0484BF8128FF1D0A002406DE /* GFUIButton.swift in Sources */,
				0484BF9729003CFF002406DE /* User.swift in Sources */,
				0484BF8728FFA26D002406DE /* GFTitleLabel.swift in Sources */,
				0484BF6928FF1238002406DE /* AppDelegate.swift in Sources */,
				04966EEC2902CDB60063A2CA /* GFSecondaryLabel.swift in Sources */,
				04966E9D290232AD0063A2CA /* UserInfoViewController.swift in Sources */,
				0484BF6B28FF1238002406DE /* SceneDelegate.swift in Sources */,
				0484BF9F29007BA8002406DE /* GFUIImageView.swift in Sources */,
				04966EEE2902CEB80063A2CA /* GFUserInfoHeaderViewController.swift in Sources */,
			);
			runOnlyForDeploymentPostprocessing = 0;
		};
/* End PBXSourcesBuildPhase section */

/* Begin PBXVariantGroup section */
		0484BF7328FF123A002406DE /* LaunchScreen.storyboard */ = {
			isa = PBXVariantGroup;
			children = (
				0484BF7428FF123A002406DE /* Base */,
			);
			name = LaunchScreen.storyboard;
			sourceTree = "<group>";
		};
/* End PBXVariantGroup section */

/* Begin XCBuildConfiguration section */
		0484BF7728FF123A002406DE /* Debug */ = {
			isa = XCBuildConfiguration;
			buildSettings = {
				ALWAYS_SEARCH_USER_PATHS = NO;
				CLANG_ANALYZER_NONNULL = YES;
				CLANG_ANALYZER_NUMBER_OBJECT_CONVERSION = YES_AGGRESSIVE;
				CLANG_CXX_LANGUAGE_STANDARD = "gnu++17";
				CLANG_ENABLE_MODULES = YES;
				CLANG_ENABLE_OBJC_ARC = YES;
				CLANG_ENABLE_OBJC_WEAK = YES;
				CLANG_WARN_BLOCK_CAPTURE_AUTORELEASING = YES;
				CLANG_WARN_BOOL_CONVERSION = YES;
				CLANG_WARN_COMMA = YES;
				CLANG_WARN_CONSTANT_CONVERSION = YES;
				CLANG_WARN_DEPRECATED_OBJC_IMPLEMENTATIONS = YES;
				CLANG_WARN_DIRECT_OBJC_ISA_USAGE = YES_ERROR;
				CLANG_WARN_DOCUMENTATION_COMMENTS = YES;
				CLANG_WARN_EMPTY_BODY = YES;
				CLANG_WARN_ENUM_CONVERSION = YES;
				CLANG_WARN_INFINITE_RECURSION = YES;
				CLANG_WARN_INT_CONVERSION = YES;
				CLANG_WARN_NON_LITERAL_NULL_CONVERSION = YES;
				CLANG_WARN_OBJC_IMPLICIT_RETAIN_SELF = YES;
				CLANG_WARN_OBJC_LITERAL_CONVERSION = YES;
				CLANG_WARN_OBJC_ROOT_CLASS = YES_ERROR;
				CLANG_WARN_QUOTED_INCLUDE_IN_FRAMEWORK_HEADER = YES;
				CLANG_WARN_RANGE_LOOP_ANALYSIS = YES;
				CLANG_WARN_STRICT_PROTOTYPES = YES;
				CLANG_WARN_SUSPICIOUS_MOVE = YES;
				CLANG_WARN_UNGUARDED_AVAILABILITY = YES_AGGRESSIVE;
				CLANG_WARN_UNREACHABLE_CODE = YES;
				CLANG_WARN__DUPLICATE_METHOD_MATCH = YES;
				COPY_PHASE_STRIP = NO;
				DEBUG_INFORMATION_FORMAT = dwarf;
				ENABLE_STRICT_OBJC_MSGSEND = YES;
				ENABLE_TESTABILITY = YES;
				GCC_C_LANGUAGE_STANDARD = gnu11;
				GCC_DYNAMIC_NO_PIC = NO;
				GCC_NO_COMMON_BLOCKS = YES;
				GCC_OPTIMIZATION_LEVEL = 0;
				GCC_PREPROCESSOR_DEFINITIONS = (
					"DEBUG=1",
					"$(inherited)",
				);
				GCC_WARN_64_TO_32_BIT_CONVERSION = YES;
				GCC_WARN_ABOUT_RETURN_TYPE = YES_ERROR;
				GCC_WARN_UNDECLARED_SELECTOR = YES;
				GCC_WARN_UNINITIALIZED_AUTOS = YES_AGGRESSIVE;
				GCC_WARN_UNUSED_FUNCTION = YES;
				GCC_WARN_UNUSED_VARIABLE = YES;
				IPHONEOS_DEPLOYMENT_TARGET = 15.5;
				MTL_ENABLE_DEBUG_INFO = INCLUDE_SOURCE;
				MTL_FAST_MATH = YES;
				ONLY_ACTIVE_ARCH = YES;
				SDKROOT = iphoneos;
				SWIFT_ACTIVE_COMPILATION_CONDITIONS = DEBUG;
				SWIFT_OPTIMIZATION_LEVEL = "-Onone";
			};
			name = Debug;
		};
		0484BF7828FF123A002406DE /* Release */ = {
			isa = XCBuildConfiguration;
			buildSettings = {
				ALWAYS_SEARCH_USER_PATHS = NO;
				CLANG_ANALYZER_NONNULL = YES;
				CLANG_ANALYZER_NUMBER_OBJECT_CONVERSION = YES_AGGRESSIVE;
				CLANG_CXX_LANGUAGE_STANDARD = "gnu++17";
				CLANG_ENABLE_MODULES = YES;
				CLANG_ENABLE_OBJC_ARC = YES;
				CLANG_ENABLE_OBJC_WEAK = YES;
				CLANG_WARN_BLOCK_CAPTURE_AUTORELEASING = YES;
				CLANG_WARN_BOOL_CONVERSION = YES;
				CLANG_WARN_COMMA = YES;
				CLANG_WARN_CONSTANT_CONVERSION = YES;
				CLANG_WARN_DEPRECATED_OBJC_IMPLEMENTATIONS = YES;
				CLANG_WARN_DIRECT_OBJC_ISA_USAGE = YES_ERROR;
				CLANG_WARN_DOCUMENTATION_COMMENTS = YES;
				CLANG_WARN_EMPTY_BODY = YES;
				CLANG_WARN_ENUM_CONVERSION = YES;
				CLANG_WARN_INFINITE_RECURSION = YES;
				CLANG_WARN_INT_CONVERSION = YES;
				CLANG_WARN_NON_LITERAL_NULL_CONVERSION = YES;
				CLANG_WARN_OBJC_IMPLICIT_RETAIN_SELF = YES;
				CLANG_WARN_OBJC_LITERAL_CONVERSION = YES;
				CLANG_WARN_OBJC_ROOT_CLASS = YES_ERROR;
				CLANG_WARN_QUOTED_INCLUDE_IN_FRAMEWORK_HEADER = YES;
				CLANG_WARN_RANGE_LOOP_ANALYSIS = YES;
				CLANG_WARN_STRICT_PROTOTYPES = YES;
				CLANG_WARN_SUSPICIOUS_MOVE = YES;
				CLANG_WARN_UNGUARDED_AVAILABILITY = YES_AGGRESSIVE;
				CLANG_WARN_UNREACHABLE_CODE = YES;
				CLANG_WARN__DUPLICATE_METHOD_MATCH = YES;
				COPY_PHASE_STRIP = NO;
				DEBUG_INFORMATION_FORMAT = "dwarf-with-dsym";
				ENABLE_NS_ASSERTIONS = NO;
				ENABLE_STRICT_OBJC_MSGSEND = YES;
				GCC_C_LANGUAGE_STANDARD = gnu11;
				GCC_NO_COMMON_BLOCKS = YES;
				GCC_WARN_64_TO_32_BIT_CONVERSION = YES;
				GCC_WARN_ABOUT_RETURN_TYPE = YES_ERROR;
				GCC_WARN_UNDECLARED_SELECTOR = YES;
				GCC_WARN_UNINITIALIZED_AUTOS = YES_AGGRESSIVE;
				GCC_WARN_UNUSED_FUNCTION = YES;
				GCC_WARN_UNUSED_VARIABLE = YES;
				IPHONEOS_DEPLOYMENT_TARGET = 15.5;
				MTL_ENABLE_DEBUG_INFO = NO;
				MTL_FAST_MATH = YES;
				SDKROOT = iphoneos;
				SWIFT_COMPILATION_MODE = wholemodule;
				SWIFT_OPTIMIZATION_LEVEL = "-O";
				VALIDATE_PRODUCT = YES;
			};
			name = Release;
		};
		0484BF7A28FF123A002406DE /* Debug */ = {
			isa = XCBuildConfiguration;
			buildSettings = {
				ASSETCATALOG_COMPILER_APPICON_NAME = AppIcon;
				ASSETCATALOG_COMPILER_GLOBAL_ACCENT_COLOR_NAME = AccentColor;
				ASSETCATALOG_COMPILER_INCLUDE_ALL_APPICON_ASSETS = NO;
				CODE_SIGN_STYLE = Automatic;
				CURRENT_PROJECT_VERSION = 1;
				GENERATE_INFOPLIST_FILE = YES;
				INFOPLIST_FILE = GitHubFollowers/Info.plist;
				INFOPLIST_KEY_UIApplicationSupportsIndirectInputEvents = YES;
				INFOPLIST_KEY_UILaunchStoryboardName = LaunchScreen;
				INFOPLIST_KEY_UISupportedInterfaceOrientations_iPad = "UIInterfaceOrientationPortrait UIInterfaceOrientationPortraitUpsideDown UIInterfaceOrientationLandscapeLeft UIInterfaceOrientationLandscapeRight";
				INFOPLIST_KEY_UISupportedInterfaceOrientations_iPhone = "UIInterfaceOrientationPortrait UIInterfaceOrientationLandscapeLeft UIInterfaceOrientationLandscapeRight";
				LD_RUNPATH_SEARCH_PATHS = (
					"$(inherited)",
					"@executable_path/Frameworks",
				);
				MARKETING_VERSION = 1.0;
				PRODUCT_BUNDLE_IDENTIFIER = bl.GitHubFollowers;
				PRODUCT_NAME = "$(TARGET_NAME)";
				SWIFT_EMIT_LOC_STRINGS = YES;
				SWIFT_VERSION = 5.0;
				TARGETED_DEVICE_FAMILY = 1;
			};
			name = Debug;
		};
		0484BF7B28FF123A002406DE /* Release */ = {
			isa = XCBuildConfiguration;
			buildSettings = {
				ASSETCATALOG_COMPILER_APPICON_NAME = AppIcon;
				ASSETCATALOG_COMPILER_GLOBAL_ACCENT_COLOR_NAME = AccentColor;
				ASSETCATALOG_COMPILER_INCLUDE_ALL_APPICON_ASSETS = NO;
				CODE_SIGN_STYLE = Automatic;
				CURRENT_PROJECT_VERSION = 1;
				GENERATE_INFOPLIST_FILE = YES;
				INFOPLIST_FILE = GitHubFollowers/Info.plist;
				INFOPLIST_KEY_UIApplicationSupportsIndirectInputEvents = YES;
				INFOPLIST_KEY_UILaunchStoryboardName = LaunchScreen;
				INFOPLIST_KEY_UISupportedInterfaceOrientations_iPad = "UIInterfaceOrientationPortrait UIInterfaceOrientationPortraitUpsideDown UIInterfaceOrientationLandscapeLeft UIInterfaceOrientationLandscapeRight";
				INFOPLIST_KEY_UISupportedInterfaceOrientations_iPhone = "UIInterfaceOrientationPortrait UIInterfaceOrientationLandscapeLeft UIInterfaceOrientationLandscapeRight";
				LD_RUNPATH_SEARCH_PATHS = (
					"$(inherited)",
					"@executable_path/Frameworks",
				);
				MARKETING_VERSION = 1.0;
				PRODUCT_BUNDLE_IDENTIFIER = bl.GitHubFollowers;
				PRODUCT_NAME = "$(TARGET_NAME)";
				SWIFT_EMIT_LOC_STRINGS = YES;
				SWIFT_VERSION = 5.0;
				TARGETED_DEVICE_FAMILY = 1;
			};
			name = Release;
		};
/* End XCBuildConfiguration section */

/* Begin XCConfigurationList section */
		0484BF6028FF1238002406DE /* Build configuration list for PBXProject "GitHubFollowers" */ = {
			isa = XCConfigurationList;
			buildConfigurations = (
				0484BF7728FF123A002406DE /* Debug */,
				0484BF7828FF123A002406DE /* Release */,
			);
			defaultConfigurationIsVisible = 0;
			defaultConfigurationName = Release;
		};
		0484BF7928FF123A002406DE /* Build configuration list for PBXNativeTarget "GitHubFollowers" */ = {
			isa = XCConfigurationList;
			buildConfigurations = (
				0484BF7A28FF123A002406DE /* Debug */,
				0484BF7B28FF123A002406DE /* Release */,
			);
			defaultConfigurationIsVisible = 0;
			defaultConfigurationName = Release;
		};
/* End XCConfigurationList section */
	};
	rootObject = 0484BF5D28FF1238002406DE /* Project object */;
}
